
Microsoft Visual Studio Solution File, Format Version 12.00
# Visual Studio 2012
Project("{FAE04EC0-301F-11D3-BF4B-00C04F79EFBC}") = "CubeSharp", "CubeSharp.csproj", "{534275F9-6947-4E38-B09F-1FDAA0DA114F}"
EndProject
Global
	GlobalSection(SolutionConfigurationPlatforms) = preSolution
		Debug|Any CPU = Debug|Any CPU
		Release|Any CPU = Release|Any CPU
	EndGlobalSection
	GlobalSection(ProjectConfigurationPlatforms) = postSolution
		{534275F9-6947-4E38-B09F-1FDAA0DA114F}.Debug|Any CPU.ActiveCfg = Debug|Any CPU
		{534275F9-6947-4E38-B09F-1FDAA0DA114F}.Debug|Any CPU.Build.0 = Debug|Any CPU
		{534275F9-6947-4E38-B09F-1FDAA0DA114F}.Release|Any CPU.ActiveCfg = Release|Any CPU
		{534275F9-6947-4E38-B09F-1FDAA0DA114F}.Release|Any CPU.Build.0 = Release|Any CPU
	EndGlobalSection
EndGlobal
